// !$*UTF8*$!
{
	archiveVersion = 1;
	classes = {
	};
	objectVersion = 50;
	objects = {

/* Begin PBXBuildFile section */
		CA3B9F38E0EE7C244F64F14B /* Pods_seowhaTests.framework in Frameworks */ = {isa = PBXBuildFile; fileRef = 4032A48DB4FBECCA4A84361A /* Pods_seowhaTests.framework */; };
		DD2A59832152B50B004B6023 /* AppDelegate.swift in Sources */ = {isa = PBXBuildFile; fileRef = DD2A59822152B50B004B6023 /* AppDelegate.swift */; };
		DD2A59852152B50B004B6023 /* FirstViewController.swift in Sources */ = {isa = PBXBuildFile; fileRef = DD2A59842152B50B004B6023 /* FirstViewController.swift */; };
		DD2A59872152B50B004B6023 /* SecondViewController.swift in Sources */ = {isa = PBXBuildFile; fileRef = DD2A59862152B50B004B6023 /* SecondViewController.swift */; };
		DD2A598A2152B50B004B6023 /* Main.storyboard in Resources */ = {isa = PBXBuildFile; fileRef = DD2A59882152B50B004B6023 /* Main.storyboard */; };
		DD2A598C2152B50C004B6023 /* Assets.xcassets in Resources */ = {isa = PBXBuildFile; fileRef = DD2A598B2152B50C004B6023 /* Assets.xcassets */; };
		DD2A598F2152B50C004B6023 /* LaunchScreen.storyboard in Resources */ = {isa = PBXBuildFile; fileRef = DD2A598D2152B50C004B6023 /* LaunchScreen.storyboard */; };
		DD2A599A2152B50C004B6023 /* seowhaTests.swift in Sources */ = {isa = PBXBuildFile; fileRef = DD2A59992152B50C004B6023 /* seowhaTests.swift */; };
		DD2A59A52152B50C004B6023 /* seowhaUITests.swift in Sources */ = {isa = PBXBuildFile; fileRef = DD2A59A42152B50C004B6023 /* seowhaUITests.swift */; };
		DD6C7F152152C28200AC8A70 /* GoogleService-Info.plist in Resources */ = {isa = PBXBuildFile; fileRef = DD6C7F142152C28200AC8A70 /* GoogleService-Info.plist */; };
		DD79FCFE215D170B00C88D6E /* EmailSignInViewController.swift in Sources */ = {isa = PBXBuildFile; fileRef = DD79FCFD215D170B00C88D6E /* EmailSignInViewController.swift */; };
		DD79FD00215D198500C88D6E /* UITextFieldExtension.swift in Sources */ = {isa = PBXBuildFile; fileRef = DD79FCFF215D198500C88D6E /* UITextFieldExtension.swift */; };
		DDE05949215A97030034B221 /* YunTaemin.ttf in Resources */ = {isa = PBXBuildFile; fileRef = DDE05948215A97030034B221 /* YunTaemin.ttf */; };
		DDE0594B215A980F0034B221 /* NanumSquareRegular.ttf in Resources */ = {isa = PBXBuildFile; fileRef = DDE0594A215A980F0034B221 /* NanumSquareRegular.ttf */; };
		DDE0594D215A9A040034B221 /* SignInViewController.swift in Sources */ = {isa = PBXBuildFile; fileRef = DDE0594C215A9A040034B221 /* SignInViewController.swift */; };
		DDE0594F215BD2BA0034B221 /* SignUpViewController.swift in Sources */ = {isa = PBXBuildFile; fileRef = DDE0594E215BD2BA0034B221 /* SignUpViewController.swift */; };
		DDE05951215CE7E90034B221 /* NanumSquareBold.ttf in Resources */ = {isa = PBXBuildFile; fileRef = DDE05950215CE7E90034B221 /* NanumSquareBold.ttf */; };
		F0EDE7680B7A16C91E7915CC /* Pods_seowha.framework in Frameworks */ = {isa = PBXBuildFile; fileRef = AA9DAB09E64DD1B8D8986495 /* Pods_seowha.framework */; };
		F824891F63281034724D6273 /* Pods_seowhaUITests.framework in Frameworks */ = {isa = PBXBuildFile; fileRef = AFD0E8D8BF198274B11BF867 /* Pods_seowhaUITests.framework */; };
/* End PBXBuildFile section */

/* Begin PBXContainerItemProxy section */
		DD2A59962152B50C004B6023 /* PBXContainerItemProxy */ = {
			isa = PBXContainerItemProxy;
			containerPortal = DD2A59772152B50B004B6023 /* Project object */;
			proxyType = 1;
			remoteGlobalIDString = DD2A597E2152B50B004B6023;
			remoteInfo = seowha;
		};
		DD2A59A12152B50C004B6023 /* PBXContainerItemProxy */ = {
			isa = PBXContainerItemProxy;
			containerPortal = DD2A59772152B50B004B6023 /* Project object */;
			proxyType = 1;
			remoteGlobalIDString = DD2A597E2152B50B004B6023;
			remoteInfo = seowha;
		};
/* End PBXContainerItemProxy section */

/* Begin PBXFileReference section */
		0B866EBC36B3866E13273C5E /* Pods-seowha.debug.xcconfig */ = {isa = PBXFileReference; includeInIndex = 1; lastKnownFileType = text.xcconfig; name = "Pods-seowha.debug.xcconfig"; path = "Pods/Target Support Files/Pods-seowha/Pods-seowha.debug.xcconfig"; sourceTree = "<group>"; };
		4032A48DB4FBECCA4A84361A /* Pods_seowhaTests.framework */ = {isa = PBXFileReference; explicitFileType = wrapper.framework; includeInIndex = 0; path = Pods_seowhaTests.framework; sourceTree = BUILT_PRODUCTS_DIR; };
		5E5D350212CC3B83E26BC552 /* Pods-seowhaTests.release.xcconfig */ = {isa = PBXFileReference; includeInIndex = 1; lastKnownFileType = text.xcconfig; name = "Pods-seowhaTests.release.xcconfig"; path = "Pods/Target Support Files/Pods-seowhaTests/Pods-seowhaTests.release.xcconfig"; sourceTree = "<group>"; };
		60F57809DF718D63D73D4542 /* Pods-seowhaTests.debug.xcconfig */ = {isa = PBXFileReference; includeInIndex = 1; lastKnownFileType = text.xcconfig; name = "Pods-seowhaTests.debug.xcconfig"; path = "Pods/Target Support Files/Pods-seowhaTests/Pods-seowhaTests.debug.xcconfig"; sourceTree = "<group>"; };
		6126AD1B15423F78C0C4B482 /* Pods-seowhaUITests.debug.xcconfig */ = {isa = PBXFileReference; includeInIndex = 1; lastKnownFileType = text.xcconfig; name = "Pods-seowhaUITests.debug.xcconfig"; path = "Pods/Target Support Files/Pods-seowhaUITests/Pods-seowhaUITests.debug.xcconfig"; sourceTree = "<group>"; };
		AA9DAB09E64DD1B8D8986495 /* Pods_seowha.framework */ = {isa = PBXFileReference; explicitFileType = wrapper.framework; includeInIndex = 0; path = Pods_seowha.framework; sourceTree = BUILT_PRODUCTS_DIR; };
		AFD0E8D8BF198274B11BF867 /* Pods_seowhaUITests.framework */ = {isa = PBXFileReference; explicitFileType = wrapper.framework; includeInIndex = 0; path = Pods_seowhaUITests.framework; sourceTree = BUILT_PRODUCTS_DIR; };
		BCBF9D6B380F4CD7B0054062 /* Pods-seowha.release.xcconfig */ = {isa = PBXFileReference; includeInIndex = 1; lastKnownFileType = text.xcconfig; name = "Pods-seowha.release.xcconfig"; path = "Pods/Target Support Files/Pods-seowha/Pods-seowha.release.xcconfig"; sourceTree = "<group>"; };
		DC6FBE43F2D351680DA39AF6 /* Pods-seowhaUITests.release.xcconfig */ = {isa = PBXFileReference; includeInIndex = 1; lastKnownFileType = text.xcconfig; name = "Pods-seowhaUITests.release.xcconfig"; path = "Pods/Target Support Files/Pods-seowhaUITests/Pods-seowhaUITests.release.xcconfig"; sourceTree = "<group>"; };
		DD2A597F2152B50B004B6023 /* seowha.app */ = {isa = PBXFileReference; explicitFileType = wrapper.application; includeInIndex = 0; path = seowha.app; sourceTree = BUILT_PRODUCTS_DIR; };
		DD2A59822152B50B004B6023 /* AppDelegate.swift */ = {isa = PBXFileReference; lastKnownFileType = sourcecode.swift; path = AppDelegate.swift; sourceTree = "<group>"; };
		DD2A59842152B50B004B6023 /* FirstViewController.swift */ = {isa = PBXFileReference; lastKnownFileType = sourcecode.swift; path = FirstViewController.swift; sourceTree = "<group>"; };
		DD2A59862152B50B004B6023 /* SecondViewController.swift */ = {isa = PBXFileReference; lastKnownFileType = sourcecode.swift; path = SecondViewController.swift; sourceTree = "<group>"; };
		DD2A59892152B50B004B6023 /* Base */ = {isa = PBXFileReference; lastKnownFileType = file.storyboard; name = Base; path = Base.lproj/Main.storyboard; sourceTree = "<group>"; };
		DD2A598B2152B50C004B6023 /* Assets.xcassets */ = {isa = PBXFileReference; lastKnownFileType = folder.assetcatalog; path = Assets.xcassets; sourceTree = "<group>"; };
		DD2A598E2152B50C004B6023 /* Base */ = {isa = PBXFileReference; lastKnownFileType = file.storyboard; name = Base; path = Base.lproj/LaunchScreen.storyboard; sourceTree = "<group>"; };
		DD2A59902152B50C004B6023 /* Info.plist */ = {isa = PBXFileReference; lastKnownFileType = text.plist.xml; path = Info.plist; sourceTree = "<group>"; };
		DD2A59952152B50C004B6023 /* seowhaTests.xctest */ = {isa = PBXFileReference; explicitFileType = wrapper.cfbundle; includeInIndex = 0; path = seowhaTests.xctest; sourceTree = BUILT_PRODUCTS_DIR; };
		DD2A59992152B50C004B6023 /* seowhaTests.swift */ = {isa = PBXFileReference; lastKnownFileType = sourcecode.swift; path = seowhaTests.swift; sourceTree = "<group>"; };
		DD2A599B2152B50C004B6023 /* Info.plist */ = {isa = PBXFileReference; lastKnownFileType = text.plist.xml; path = Info.plist; sourceTree = "<group>"; };
		DD2A59A02152B50C004B6023 /* seowhaUITests.xctest */ = {isa = PBXFileReference; explicitFileType = wrapper.cfbundle; includeInIndex = 0; path = seowhaUITests.xctest; sourceTree = BUILT_PRODUCTS_DIR; };
		DD2A59A42152B50C004B6023 /* seowhaUITests.swift */ = {isa = PBXFileReference; lastKnownFileType = sourcecode.swift; path = seowhaUITests.swift; sourceTree = "<group>"; };
		DD2A59A62152B50C004B6023 /* Info.plist */ = {isa = PBXFileReference; lastKnownFileType = text.plist.xml; path = Info.plist; sourceTree = "<group>"; };
		DD6C7F142152C28200AC8A70 /* GoogleService-Info.plist */ = {isa = PBXFileReference; fileEncoding = 4; lastKnownFileType = text.plist.xml; path = "GoogleService-Info.plist"; sourceTree = "<group>"; };
		DD6C7F1A2152CA9C00AC8A70 /* seowha.entitlements */ = {isa = PBXFileReference; lastKnownFileType = text.plist.entitlements; path = seowha.entitlements; sourceTree = "<group>"; };
		DD79FCFD215D170B00C88D6E /* EmailSignInViewController.swift */ = {isa = PBXFileReference; lastKnownFileType = sourcecode.swift; path = EmailSignInViewController.swift; sourceTree = "<group>"; };
		DD79FCFF215D198500C88D6E /* UITextFieldExtension.swift */ = {isa = PBXFileReference; lastKnownFileType = sourcecode.swift; path = UITextFieldExtension.swift; sourceTree = "<group>"; };
		DDE05948215A97030034B221 /* YunTaemin.ttf */ = {isa = PBXFileReference; lastKnownFileType = file; path = YunTaemin.ttf; sourceTree = "<group>"; };
		DDE0594A215A980F0034B221 /* NanumSquareRegular.ttf */ = {isa = PBXFileReference; lastKnownFileType = file; path = NanumSquareRegular.ttf; sourceTree = "<group>"; };
		DDE0594C215A9A040034B221 /* SignInViewController.swift */ = {isa = PBXFileReference; lastKnownFileType = sourcecode.swift; path = SignInViewController.swift; sourceTree = "<group>"; };
		DDE0594E215BD2BA0034B221 /* SignUpViewController.swift */ = {isa = PBXFileReference; lastKnownFileType = sourcecode.swift; path = SignUpViewController.swift; sourceTree = "<group>"; };
		DDE05950215CE7E90034B221 /* NanumSquareBold.ttf */ = {isa = PBXFileReference; lastKnownFileType = file; path = NanumSquareBold.ttf; sourceTree = "<group>"; };
/* End PBXFileReference section */

/* Begin PBXFrameworksBuildPhase section */
		DD2A597C2152B50B004B6023 /* Frameworks */ = {
			isa = PBXFrameworksBuildPhase;
			buildActionMask = 2147483647;
			files = (
				F0EDE7680B7A16C91E7915CC /* Pods_seowha.framework in Frameworks */,
			);
			runOnlyForDeploymentPostprocessing = 0;
		};
		DD2A59922152B50C004B6023 /* Frameworks */ = {
			isa = PBXFrameworksBuildPhase;
			buildActionMask = 2147483647;
			files = (
				CA3B9F38E0EE7C244F64F14B /* Pods_seowhaTests.framework in Frameworks */,
			);
			runOnlyForDeploymentPostprocessing = 0;
		};
		DD2A599D2152B50C004B6023 /* Frameworks */ = {
			isa = PBXFrameworksBuildPhase;
			buildActionMask = 2147483647;
			files = (
				F824891F63281034724D6273 /* Pods_seowhaUITests.framework in Frameworks */,
			);
			runOnlyForDeploymentPostprocessing = 0;
		};
/* End PBXFrameworksBuildPhase section */

/* Begin PBXGroup section */
		BC5140A85DB7F3A658A683F7 /* Pods */ = {
			isa = PBXGroup;
			children = (
				0B866EBC36B3866E13273C5E /* Pods-seowha.debug.xcconfig */,
				BCBF9D6B380F4CD7B0054062 /* Pods-seowha.release.xcconfig */,
				60F57809DF718D63D73D4542 /* Pods-seowhaTests.debug.xcconfig */,
				5E5D350212CC3B83E26BC552 /* Pods-seowhaTests.release.xcconfig */,
				6126AD1B15423F78C0C4B482 /* Pods-seowhaUITests.debug.xcconfig */,
				DC6FBE43F2D351680DA39AF6 /* Pods-seowhaUITests.release.xcconfig */,
			);
			name = Pods;
			sourceTree = "<group>";
		};
		DD2A59762152B50B004B6023 = {
			isa = PBXGroup;
			children = (
				DD2A59812152B50B004B6023 /* seowha */,
				DD2A59982152B50C004B6023 /* seowhaTests */,
				DD2A59A32152B50C004B6023 /* seowhaUITests */,
				DD2A59802152B50B004B6023 /* Products */,
				BC5140A85DB7F3A658A683F7 /* Pods */,
				F7F8D33B9E32E14E2AA6B249 /* Frameworks */,
			);
			sourceTree = "<group>";
		};
		DD2A59802152B50B004B6023 /* Products */ = {
			isa = PBXGroup;
			children = (
				DD2A597F2152B50B004B6023 /* seowha.app */,
				DD2A59952152B50C004B6023 /* seowhaTests.xctest */,
				DD2A59A02152B50C004B6023 /* seowhaUITests.xctest */,
			);
			name = Products;
			sourceTree = "<group>";
		};
		DD2A59812152B50B004B6023 /* seowha */ = {
			isa = PBXGroup;
			children = (
				DDE05948215A97030034B221 /* YunTaemin.ttf */,
				DDE0594A215A980F0034B221 /* NanumSquareRegular.ttf */,
				DDE05950215CE7E90034B221 /* NanumSquareBold.ttf */,
				DD6C7F1A2152CA9C00AC8A70 /* seowha.entitlements */,
				DD6C7F142152C28200AC8A70 /* GoogleService-Info.plist */,
				DD2A59822152B50B004B6023 /* AppDelegate.swift */,
				DDE0594C215A9A040034B221 /* SignInViewController.swift */,
				DDE0594E215BD2BA0034B221 /* SignUpViewController.swift */,
				DD79FCFD215D170B00C88D6E /* EmailSignInViewController.swift */,
				DD2A59842152B50B004B6023 /* FirstViewController.swift */,
				DD2A59862152B50B004B6023 /* SecondViewController.swift */,
				DD2A59882152B50B004B6023 /* Main.storyboard */,
				DD2A598B2152B50C004B6023 /* Assets.xcassets */,
				DD2A598D2152B50C004B6023 /* LaunchScreen.storyboard */,
				DD2A59902152B50C004B6023 /* Info.plist */,
				DD79FCFF215D198500C88D6E /* UITextFieldExtension.swift */,
			);
			path = seowha;
			sourceTree = "<group>";
		};
		DD2A59982152B50C004B6023 /* seowhaTests */ = {
			isa = PBXGroup;
			children = (
				DD2A59992152B50C004B6023 /* seowhaTests.swift */,
				DD2A599B2152B50C004B6023 /* Info.plist */,
			);
			path = seowhaTests;
			sourceTree = "<group>";
		};
		DD2A59A32152B50C004B6023 /* seowhaUITests */ = {
			isa = PBXGroup;
			children = (
				DD2A59A42152B50C004B6023 /* seowhaUITests.swift */,
				DD2A59A62152B50C004B6023 /* Info.plist */,
			);
			path = seowhaUITests;
			sourceTree = "<group>";
		};
		F7F8D33B9E32E14E2AA6B249 /* Frameworks */ = {
			isa = PBXGroup;
			children = (
				AA9DAB09E64DD1B8D8986495 /* Pods_seowha.framework */,
				4032A48DB4FBECCA4A84361A /* Pods_seowhaTests.framework */,
				AFD0E8D8BF198274B11BF867 /* Pods_seowhaUITests.framework */,
			);
			name = Frameworks;
			sourceTree = "<group>";
		};
/* End PBXGroup section */

/* Begin PBXNativeTarget section */
		DD2A597E2152B50B004B6023 /* seowha */ = {
			isa = PBXNativeTarget;
			buildConfigurationList = DD2A59A92152B50C004B6023 /* Build configuration list for PBXNativeTarget "seowha" */;
			buildPhases = (
				A3D61CE7F09C81A7E734D4C4 /* [CP] Check Pods Manifest.lock */,
				DD2A597B2152B50B004B6023 /* Sources */,
				DD2A597C2152B50B004B6023 /* Frameworks */,
				DD2A597D2152B50B004B6023 /* Resources */,
				5DDBCECDAC0B69B91EB256B2 /* [CP] Embed Pods Frameworks */,
				2D8AFE79CC272C4A2DF41BDF /* [CP] Copy Pods Resources */,
			);
			buildRules = (
			);
			dependencies = (
			);
			name = seowha;
			productName = seowha;
			productReference = DD2A597F2152B50B004B6023 /* seowha.app */;
			productType = "com.apple.product-type.application";
		};
		DD2A59942152B50C004B6023 /* seowhaTests */ = {
			isa = PBXNativeTarget;
			buildConfigurationList = DD2A59AC2152B50C004B6023 /* Build configuration list for PBXNativeTarget "seowhaTests" */;
			buildPhases = (
				458A2A9A6AC82215679C6D38 /* [CP] Check Pods Manifest.lock */,
				DD2A59912152B50C004B6023 /* Sources */,
				DD2A59922152B50C004B6023 /* Frameworks */,
				DD2A59932152B50C004B6023 /* Resources */,
			);
			buildRules = (
			);
			dependencies = (
				DD2A59972152B50C004B6023 /* PBXTargetDependency */,
			);
			name = seowhaTests;
			productName = seowhaTests;
			productReference = DD2A59952152B50C004B6023 /* seowhaTests.xctest */;
			productType = "com.apple.product-type.bundle.unit-test";
		};
		DD2A599F2152B50C004B6023 /* seowhaUITests */ = {
			isa = PBXNativeTarget;
			buildConfigurationList = DD2A59AF2152B50C004B6023 /* Build configuration list for PBXNativeTarget "seowhaUITests" */;
			buildPhases = (
				978B43D6B7AFBD7E9F929A65 /* [CP] Check Pods Manifest.lock */,
				DD2A599C2152B50C004B6023 /* Sources */,
				DD2A599D2152B50C004B6023 /* Frameworks */,
				DD2A599E2152B50C004B6023 /* Resources */,
			);
			buildRules = (
			);
			dependencies = (
				DD2A59A22152B50C004B6023 /* PBXTargetDependency */,
			);
			name = seowhaUITests;
			productName = seowhaUITests;
			productReference = DD2A59A02152B50C004B6023 /* seowhaUITests.xctest */;
			productType = "com.apple.product-type.bundle.ui-testing";
		};
/* End PBXNativeTarget section */

/* Begin PBXProject section */
		DD2A59772152B50B004B6023 /* Project object */ = {
			isa = PBXProject;
			attributes = {
				LastSwiftUpdateCheck = 1000;
				LastUpgradeCheck = 1000;
				ORGANIZATIONNAME = TeamSeowha;
				TargetAttributes = {
					DD2A597E2152B50B004B6023 = {
						CreatedOnToolsVersion = 10.0;
						SystemCapabilities = {
							com.apple.Keychain = {
								enabled = 1;
							};
						};
					};
					DD2A59942152B50C004B6023 = {
						CreatedOnToolsVersion = 10.0;
						TestTargetID = DD2A597E2152B50B004B6023;
					};
					DD2A599F2152B50C004B6023 = {
						CreatedOnToolsVersion = 10.0;
						TestTargetID = DD2A597E2152B50B004B6023;
					};
				};
			};
			buildConfigurationList = DD2A597A2152B50B004B6023 /* Build configuration list for PBXProject "seowha" */;
			compatibilityVersion = "Xcode 9.3";
			developmentRegion = en;
			hasScannedForEncodings = 0;
			knownRegions = (
				en,
				Base,
			);
			mainGroup = DD2A59762152B50B004B6023;
			productRefGroup = DD2A59802152B50B004B6023 /* Products */;
			projectDirPath = "";
			projectRoot = "";
			targets = (
				DD2A597E2152B50B004B6023 /* seowha */,
				DD2A59942152B50C004B6023 /* seowhaTests */,
				DD2A599F2152B50C004B6023 /* seowhaUITests */,
			);
		};
/* End PBXProject section */

/* Begin PBXResourcesBuildPhase section */
		DD2A597D2152B50B004B6023 /* Resources */ = {
			isa = PBXResourcesBuildPhase;
			buildActionMask = 2147483647;
			files = (
				DDE05951215CE7E90034B221 /* NanumSquareBold.ttf in Resources */,
				DDE05949215A97030034B221 /* YunTaemin.ttf in Resources */,
				DD2A598F2152B50C004B6023 /* LaunchScreen.storyboard in Resources */,
				DDE0594B215A980F0034B221 /* NanumSquareRegular.ttf in Resources */,
				DD6C7F152152C28200AC8A70 /* GoogleService-Info.plist in Resources */,
				DD2A598C2152B50C004B6023 /* Assets.xcassets in Resources */,
				DD2A598A2152B50B004B6023 /* Main.storyboard in Resources */,
			);
			runOnlyForDeploymentPostprocessing = 0;
		};
		DD2A59932152B50C004B6023 /* Resources */ = {
			isa = PBXResourcesBuildPhase;
			buildActionMask = 2147483647;
			files = (
			);
			runOnlyForDeploymentPostprocessing = 0;
		};
		DD2A599E2152B50C004B6023 /* Resources */ = {
			isa = PBXResourcesBuildPhase;
			buildActionMask = 2147483647;
			files = (
			);
			runOnlyForDeploymentPostprocessing = 0;
		};
/* End PBXResourcesBuildPhase section */

/* Begin PBXShellScriptBuildPhase section */
		2D8AFE79CC272C4A2DF41BDF /* [CP] Copy Pods Resources */ = {
			isa = PBXShellScriptBuildPhase;
			buildActionMask = 2147483647;
			files = (
			);
			inputFileListPaths = (
			);
			inputPaths = (
				"${SRCROOT}/Pods/Target Support Files/Pods-seowha/Pods-seowha-resources.sh",
				"${PODS_ROOT}/GoogleSignIn/Resources/GoogleSignIn.bundle",
			);
			name = "[CP] Copy Pods Resources";
			outputFileListPaths = (
			);
			outputPaths = (
				"${TARGET_BUILD_DIR}/${UNLOCALIZED_RESOURCES_FOLDER_PATH}/GoogleSignIn.bundle",
			);
			runOnlyForDeploymentPostprocessing = 0;
			shellPath = /bin/sh;
			shellScript = "\"${SRCROOT}/Pods/Target Support Files/Pods-seowha/Pods-seowha-resources.sh\"\n";
			showEnvVarsInLog = 0;
		};
		458A2A9A6AC82215679C6D38 /* [CP] Check Pods Manifest.lock */ = {
			isa = PBXShellScriptBuildPhase;
			buildActionMask = 2147483647;
			files = (
			);
			inputFileListPaths = (
			);
			inputPaths = (
				"${PODS_PODFILE_DIR_PATH}/Podfile.lock",
				"${PODS_ROOT}/Manifest.lock",
			);
			name = "[CP] Check Pods Manifest.lock";
			outputFileListPaths = (
			);
			outputPaths = (
				"$(DERIVED_FILE_DIR)/Pods-seowhaTests-checkManifestLockResult.txt",
			);
			runOnlyForDeploymentPostprocessing = 0;
			shellPath = /bin/sh;
			shellScript = "diff \"${PODS_PODFILE_DIR_PATH}/Podfile.lock\" \"${PODS_ROOT}/Manifest.lock\" > /dev/null\nif [ $? != 0 ] ; then\n    # print error to STDERR\n    echo \"error: The sandbox is not in sync with the Podfile.lock. Run 'pod install' or update your CocoaPods installation.\" >&2\n    exit 1\nfi\n# This output is used by Xcode 'outputs' to avoid re-running this script phase.\necho \"SUCCESS\" > \"${SCRIPT_OUTPUT_FILE_0}\"\n";
			showEnvVarsInLog = 0;
		};
		5DDBCECDAC0B69B91EB256B2 /* [CP] Embed Pods Frameworks */ = {
			isa = PBXShellScriptBuildPhase;
			buildActionMask = 2147483647;
			files = (
			);
			inputFileListPaths = (
			);
			inputPaths = (
				"${SRCROOT}/Pods/Target Support Files/Pods-seowha/Pods-seowha-frameworks.sh",
				"${BUILT_PRODUCTS_DIR}/Bolts/Bolts.framework",
				"${BUILT_PRODUCTS_DIR}/FBSDKCoreKit/FBSDKCoreKit.framework",
				"${BUILT_PRODUCTS_DIR}/FBSDKLoginKit/FBSDKLoginKit.framework",
				"${BUILT_PRODUCTS_DIR}/FBSDKShareKit/FBSDKShareKit.framework",
				"${BUILT_PRODUCTS_DIR}/FacebookCore/FacebookCore.framework",
				"${BUILT_PRODUCTS_DIR}/FacebookLogin/FacebookLogin.framework",
				"${BUILT_PRODUCTS_DIR}/FacebookShare/FacebookShare.framework",
				"${BUILT_PRODUCTS_DIR}/GTMOAuth2/GTMOAuth2.framework",
				"${BUILT_PRODUCTS_DIR}/GTMSessionFetcher/GTMSessionFetcher.framework",
				"${BUILT_PRODUCTS_DIR}/GoogleToolboxForMac/GoogleToolboxForMac.framework",
				"${BUILT_PRODUCTS_DIR}/GoogleUtilities/GoogleUtilities.framework",
				"${BUILT_PRODUCTS_DIR}/nanopb/nanopb.framework",
			);
			name = "[CP] Embed Pods Frameworks";
			outputFileListPaths = (
			);
			outputPaths = (
				"${TARGET_BUILD_DIR}/${FRAMEWORKS_FOLDER_PATH}/Bolts.framework",
				"${TARGET_BUILD_DIR}/${FRAMEWORKS_FOLDER_PATH}/FBSDKCoreKit.framework",
				"${TARGET_BUILD_DIR}/${FRAMEWORKS_FOLDER_PATH}/FBSDKLoginKit.framework",
				"${TARGET_BUILD_DIR}/${FRAMEWORKS_FOLDER_PATH}/FBSDKShareKit.framework",
				"${TARGET_BUILD_DIR}/${FRAMEWORKS_FOLDER_PATH}/FacebookCore.framework",
				"${TARGET_BUILD_DIR}/${FRAMEWORKS_FOLDER_PATH}/FacebookLogin.framework",
				"${TARGET_BUILD_DIR}/${FRAMEWORKS_FOLDER_PATH}/FacebookShare.framework",
				"${TARGET_BUILD_DIR}/${FRAMEWORKS_FOLDER_PATH}/GTMOAuth2.framework",
				"${TARGET_BUILD_DIR}/${FRAMEWORKS_FOLDER_PATH}/GTMSessionFetcher.framework",
				"${TARGET_BUILD_DIR}/${FRAMEWORKS_FOLDER_PATH}/GoogleToolboxForMac.framework",
				"${TARGET_BUILD_DIR}/${FRAMEWORKS_FOLDER_PATH}/GoogleUtilities.framework",
				"${TARGET_BUILD_DIR}/${FRAMEWORKS_FOLDER_PATH}/nanopb.framework",
			);
			runOnlyForDeploymentPostprocessing = 0;
			shellPath = /bin/sh;
			shellScript = "\"${SRCROOT}/Pods/Target Support Files/Pods-seowha/Pods-seowha-frameworks.sh\"\n";
			showEnvVarsInLog = 0;
		};
		978B43D6B7AFBD7E9F929A65 /* [CP] Check Pods Manifest.lock */ = {
			isa = PBXShellScriptBuildPhase;
			buildActionMask = 2147483647;
			files = (
			);
			inputFileListPaths = (
			);
			inputPaths = (
				"${PODS_PODFILE_DIR_PATH}/Podfile.lock",
				"${PODS_ROOT}/Manifest.lock",
			);
			name = "[CP] Check Pods Manifest.lock";
			outputFileListPaths = (
			);
			outputPaths = (
				"$(DERIVED_FILE_DIR)/Pods-seowhaUITests-checkManifestLockResult.txt",
			);
			runOnlyForDeploymentPostprocessing = 0;
			shellPath = /bin/sh;
			shellScript = "diff \"${PODS_PODFILE_DIR_PATH}/Podfile.lock\" \"${PODS_ROOT}/Manifest.lock\" > /dev/null\nif [ $? != 0 ] ; then\n    # print error to STDERR\n    echo \"error: The sandbox is not in sync with the Podfile.lock. Run 'pod install' or update your CocoaPods installation.\" >&2\n    exit 1\nfi\n# This output is used by Xcode 'outputs' to avoid re-running this script phase.\necho \"SUCCESS\" > \"${SCRIPT_OUTPUT_FILE_0}\"\n";
			showEnvVarsInLog = 0;
		};
		A3D61CE7F09C81A7E734D4C4 /* [CP] Check Pods Manifest.lock */ = {
			isa = PBXShellScriptBuildPhase;
			buildActionMask = 2147483647;
			files = (
			);
			inputFileListPaths = (
			);
			inputPaths = (
				"${PODS_PODFILE_DIR_PATH}/Podfile.lock",
				"${PODS_ROOT}/Manifest.lock",
			);
			name = "[CP] Check Pods Manifest.lock";
			outputFileListPaths = (
			);
			outputPaths = (
				"$(DERIVED_FILE_DIR)/Pods-seowha-checkManifestLockResult.txt",
			);
			runOnlyForDeploymentPostprocessing = 0;
			shellPath = /bin/sh;
			shellScript = "diff \"${PODS_PODFILE_DIR_PATH}/Podfile.lock\" \"${PODS_ROOT}/Manifest.lock\" > /dev/null\nif [ $? != 0 ] ; then\n    # print error to STDERR\n    echo \"error: The sandbox is not in sync with the Podfile.lock. Run 'pod install' or update your CocoaPods installation.\" >&2\n    exit 1\nfi\n# This output is used by Xcode 'outputs' to avoid re-running this script phase.\necho \"SUCCESS\" > \"${SCRIPT_OUTPUT_FILE_0}\"\n";
			showEnvVarsInLog = 0;
		};
/* End PBXShellScriptBuildPhase section */

/* Begin PBXSourcesBuildPhase section */
		DD2A597B2152B50B004B6023 /* Sources */ = {
			isa = PBXSourcesBuildPhase;
			buildActionMask = 2147483647;
			files = (
				DDE0594D215A9A040034B221 /* SignInViewController.swift in Sources */,
				DD2A59872152B50B004B6023 /* SecondViewController.swift in Sources */,
				DD79FD00215D198500C88D6E /* UITextFieldExtension.swift in Sources */,
				DD2A59832152B50B004B6023 /* AppDelegate.swift in Sources */,
				DD79FCFE215D170B00C88D6E /* EmailSignInViewController.swift in Sources */,
				DD2A59852152B50B004B6023 /* FirstViewController.swift in Sources */,
				DDE0594F215BD2BA0034B221 /* SignUpViewController.swift in Sources */,
			);
			runOnlyForDeploymentPostprocessing = 0;
		};
		DD2A59912152B50C004B6023 /* Sources */ = {
			isa = PBXSourcesBuildPhase;
			buildActionMask = 2147483647;
			files = (
				DD2A599A2152B50C004B6023 /* seowhaTests.swift in Sources */,
			);
			runOnlyForDeploymentPostprocessing = 0;
		};
		DD2A599C2152B50C004B6023 /* Sources */ = {
			isa = PBXSourcesBuildPhase;
			buildActionMask = 2147483647;
			files = (
				DD2A59A52152B50C004B6023 /* seowhaUITests.swift in Sources */,
			);
			runOnlyForDeploymentPostprocessing = 0;
		};
/* End PBXSourcesBuildPhase section */

/* Begin PBXTargetDependency section */
		DD2A59972152B50C004B6023 /* PBXTargetDependency */ = {
			isa = PBXTargetDependency;
			target = DD2A597E2152B50B004B6023 /* seowha */;
			targetProxy = DD2A59962152B50C004B6023 /* PBXContainerItemProxy */;
		};
		DD2A59A22152B50C004B6023 /* PBXTargetDependency */ = {
			isa = PBXTargetDependency;
			target = DD2A597E2152B50B004B6023 /* seowha */;
			targetProxy = DD2A59A12152B50C004B6023 /* PBXContainerItemProxy */;
		};
/* End PBXTargetDependency section */

/* Begin PBXVariantGroup section */
		DD2A59882152B50B004B6023 /* Main.storyboard */ = {
			isa = PBXVariantGroup;
			children = (
				DD2A59892152B50B004B6023 /* Base */,
			);
			name = Main.storyboard;
			sourceTree = "<group>";
		};
		DD2A598D2152B50C004B6023 /* LaunchScreen.storyboard */ = {
			isa = PBXVariantGroup;
			children = (
				DD2A598E2152B50C004B6023 /* Base */,
			);
			name = LaunchScreen.storyboard;
			sourceTree = "<group>";
		};
/* End PBXVariantGroup section */

/* Begin XCBuildConfiguration section */
		DD2A59A72152B50C004B6023 /* Debug */ = {
			isa = XCBuildConfiguration;
			buildSettings = {
				ALWAYS_SEARCH_USER_PATHS = NO;
				CLANG_ANALYZER_NONNULL = YES;
				CLANG_ANALYZER_NUMBER_OBJECT_CONVERSION = YES_AGGRESSIVE;
				CLANG_CXX_LANGUAGE_STANDARD = "gnu++14";
				CLANG_CXX_LIBRARY = "libc++";
				CLANG_ENABLE_MODULES = YES;
				CLANG_ENABLE_OBJC_ARC = YES;
				CLANG_ENABLE_OBJC_WEAK = YES;
				CLANG_WARN_BLOCK_CAPTURE_AUTORELEASING = YES;
				CLANG_WARN_BOOL_CONVERSION = YES;
				CLANG_WARN_COMMA = YES;
				CLANG_WARN_CONSTANT_CONVERSION = YES;
				CLANG_WARN_DEPRECATED_OBJC_IMPLEMENTATIONS = YES;
				CLANG_WARN_DIRECT_OBJC_ISA_USAGE = YES_ERROR;
				CLANG_WARN_DOCUMENTATION_COMMENTS = YES;
				CLANG_WARN_EMPTY_BODY = YES;
				CLANG_WARN_ENUM_CONVERSION = YES;
				CLANG_WARN_INFINITE_RECURSION = YES;
				CLANG_WARN_INT_CONVERSION = YES;
				CLANG_WARN_NON_LITERAL_NULL_CONVERSION = YES;
				CLANG_WARN_OBJC_IMPLICIT_RETAIN_SELF = YES;
				CLANG_WARN_OBJC_LITERAL_CONVERSION = YES;
				CLANG_WARN_OBJC_ROOT_CLASS = YES_ERROR;
				CLANG_WARN_RANGE_LOOP_ANALYSIS = YES;
				CLANG_WARN_STRICT_PROTOTYPES = YES;
				CLANG_WARN_SUSPICIOUS_MOVE = YES;
				CLANG_WARN_UNGUARDED_AVAILABILITY = YES_AGGRESSIVE;
				CLANG_WARN_UNREACHABLE_CODE = YES;
				CLANG_WARN__DUPLICATE_METHOD_MATCH = YES;
				CODE_SIGN_IDENTITY = "iPhone Developer";
				COPY_PHASE_STRIP = NO;
				DEBUG_INFORMATION_FORMAT = dwarf;
				ENABLE_STRICT_OBJC_MSGSEND = YES;
				ENABLE_TESTABILITY = YES;
				GCC_C_LANGUAGE_STANDARD = gnu11;
				GCC_DYNAMIC_NO_PIC = NO;
				GCC_NO_COMMON_BLOCKS = YES;
				GCC_OPTIMIZATION_LEVEL = 0;
				GCC_PREPROCESSOR_DEFINITIONS = (
					"DEBUG=1",
					"$(inherited)",
				);
				GCC_WARN_64_TO_32_BIT_CONVERSION = YES;
				GCC_WARN_ABOUT_RETURN_TYPE = YES_ERROR;
				GCC_WARN_UNDECLARED_SELECTOR = YES;
				GCC_WARN_UNINITIALIZED_AUTOS = YES_AGGRESSIVE;
				GCC_WARN_UNUSED_FUNCTION = YES;
				GCC_WARN_UNUSED_VARIABLE = YES;
				IPHONEOS_DEPLOYMENT_TARGET = 12.0;
				MTL_ENABLE_DEBUG_INFO = INCLUDE_SOURCE;
				MTL_FAST_MATH = YES;
				ONLY_ACTIVE_ARCH = YES;
				SDKROOT = iphoneos;
				SWIFT_ACTIVE_COMPILATION_CONDITIONS = DEBUG;
				SWIFT_OPTIMIZATION_LEVEL = "-Onone";
			};
			name = Debug;
		};
		DD2A59A82152B50C004B6023 /* Release */ = {
			isa = XCBuildConfiguration;
			buildSettings = {
				ALWAYS_SEARCH_USER_PATHS = NO;
				CLANG_ANALYZER_NONNULL = YES;
				CLANG_ANALYZER_NUMBER_OBJECT_CONVERSION = YES_AGGRESSIVE;
				CLANG_CXX_LANGUAGE_STANDARD = "gnu++14";
				CLANG_CXX_LIBRARY = "libc++";
				CLANG_ENABLE_MODULES = YES;
				CLANG_ENABLE_OBJC_ARC = YES;
				CLANG_ENABLE_OBJC_WEAK = YES;
				CLANG_WARN_BLOCK_CAPTURE_AUTORELEASING = YES;
				CLANG_WARN_BOOL_CONVERSION = YES;
				CLANG_WARN_COMMA = YES;
				CLANG_WARN_CONSTANT_CONVERSION = YES;
				CLANG_WARN_DEPRECATED_OBJC_IMPLEMENTATIONS = YES;
				CLANG_WARN_DIRECT_OBJC_ISA_USAGE = YES_ERROR;
				CLANG_WARN_DOCUMENTATION_COMMENTS = YES;
				CLANG_WARN_EMPTY_BODY = YES;
				CLANG_WARN_ENUM_CONVERSION = YES;
				CLANG_WARN_INFINITE_RECURSION = YES;
				CLANG_WARN_INT_CONVERSION = YES;
				CLANG_WARN_NON_LITERAL_NULL_CONVERSION = YES;
				CLANG_WARN_OBJC_IMPLICIT_RETAIN_SELF = YES;
				CLANG_WARN_OBJC_LITERAL_CONVERSION = YES;
				CLANG_WARN_OBJC_ROOT_CLASS = YES_ERROR;
				CLANG_WARN_RANGE_LOOP_ANALYSIS = YES;
				CLANG_WARN_STRICT_PROTOTYPES = YES;
				CLANG_WARN_SUSPICIOUS_MOVE = YES;
				CLANG_WARN_UNGUARDED_AVAILABILITY = YES_AGGRESSIVE;
				CLANG_WARN_UNREACHABLE_CODE = YES;
				CLANG_WARN__DUPLICATE_METHOD_MATCH = YES;
				CODE_SIGN_IDENTITY = "iPhone Developer";
				COPY_PHASE_STRIP = NO;
				DEBUG_INFORMATION_FORMAT = "dwarf-with-dsym";
				ENABLE_NS_ASSERTIONS = NO;
				ENABLE_STRICT_OBJC_MSGSEND = YES;
				GCC_C_LANGUAGE_STANDARD = gnu11;
				GCC_NO_COMMON_BLOCKS = YES;
				GCC_WARN_64_TO_32_BIT_CONVERSION = YES;
				GCC_WARN_ABOUT_RETURN_TYPE = YES_ERROR;
				GCC_WARN_UNDECLARED_SELECTOR = YES;
				GCC_WARN_UNINITIALIZED_AUTOS = YES_AGGRESSIVE;
				GCC_WARN_UNUSED_FUNCTION = YES;
				GCC_WARN_UNUSED_VARIABLE = YES;
				IPHONEOS_DEPLOYMENT_TARGET = 12.0;
				MTL_ENABLE_DEBUG_INFO = NO;
				MTL_FAST_MATH = YES;
				SDKROOT = iphoneos;
				SWIFT_COMPILATION_MODE = wholemodule;
				SWIFT_OPTIMIZATION_LEVEL = "-O";
				VALIDATE_PRODUCT = YES;
			};
			name = Release;
		};
		DD2A59AA2152B50C004B6023 /* Debug */ = {
			isa = XCBuildConfiguration;
			baseConfigurationReference = 0B866EBC36B3866E13273C5E /* Pods-seowha.debug.xcconfig */;
			buildSettings = {
				ASSETCATALOG_COMPILER_APPICON_NAME = AppIcon;
				CODE_SIGN_ENTITLEMENTS = seowha/seowha.entitlements;
				CODE_SIGN_STYLE = Automatic;
				DEVELOPMENT_TEAM = 45BHMK6XA9;
				INFOPLIST_FILE = seowha/Info.plist;
				LD_RUNPATH_SEARCH_PATHS = (
					"$(inherited)",
					"@executable_path/Frameworks",
				);
				PRODUCT_BUNDLE_IDENTIFIER = kr.teamseowha.seowha;
				PRODUCT_NAME = "$(TARGET_NAME)";
				SWIFT_VERSION = 4.2;
				TARGETED_DEVICE_FAMILY = "1,2";
			};
			name = Debug;
		};
		DD2A59AB2152B50C004B6023 /* Release */ = {
			isa = XCBuildConfiguration;
			baseConfigurationReference = BCBF9D6B380F4CD7B0054062 /* Pods-seowha.release.xcconfig */;
			buildSettings = {
				ASSETCATALOG_COMPILER_APPICON_NAME = AppIcon;
				CODE_SIGN_ENTITLEMENTS = seowha/seowha.entitlements;
				CODE_SIGN_STYLE = Automatic;
				DEVELOPMENT_TEAM = 45BHMK6XA9;
				INFOPLIST_FILE = seowha/Info.plist;
				LD_RUNPATH_SEARCH_PATHS = (
					"$(inherited)",
					"@executable_path/Frameworks",
				);
				PRODUCT_BUNDLE_IDENTIFIER = kr.teamseowha.seowha;
				PRODUCT_NAME = "$(TARGET_NAME)";
				SWIFT_VERSION = 4.2;
				TARGETED_DEVICE_FAMILY = "1,2";
			};
			name = Release;
		};
		DD2A59AD2152B50C004B6023 /* Debug */ = {
			isa = XCBuildConfiguration;
			baseConfigurationReference = 60F57809DF718D63D73D4542 /* Pods-seowhaTests.debug.xcconfig */;
			buildSettings = {
				ALWAYS_EMBED_SWIFT_STANDARD_LIBRARIES = YES;
				BUNDLE_LOADER = "$(TEST_HOST)";
				CODE_SIGN_STYLE = Automatic;
				DEVELOPMENT_TEAM = 45BHMK6XA9;
				INFOPLIST_FILE = seowhaTests/Info.plist;
				LD_RUNPATH_SEARCH_PATHS = (
					"$(inherited)",
					"@executable_path/Frameworks",
					"@loader_path/Frameworks",
				);
				PRODUCT_BUNDLE_IDENTIFIER = com.teamseowha.seowhaTests;
				PRODUCT_NAME = "$(TARGET_NAME)";
				SWIFT_VERSION = 4.2;
				TARGETED_DEVICE_FAMILY = "1,2";
				TEST_HOST = "$(BUILT_PRODUCTS_DIR)/seowha.app/seowha";
			};
			name = Debug;
		};
		DD2A59AE2152B50C004B6023 /* Release */ = {
			isa = XCBuildConfiguration;
			baseConfigurationReference = 5E5D350212CC3B83E26BC552 /* Pods-seowhaTests.release.xcconfig */;
			buildSettings = {
				ALWAYS_EMBED_SWIFT_STANDARD_LIBRARIES = YES;
				BUNDLE_LOADER = "$(TEST_HOST)";
				CODE_SIGN_STYLE = Automatic;
				DEVELOPMENT_TEAM = 45BHMK6XA9;
				INFOPLIST_FILE = seowhaTests/Info.plist;
				LD_RUNPATH_SEARCH_PATHS = (
					"$(inherited)",
					"@executable_path/Frameworks",
					"@loader_path/Frameworks",
				);
				PRODUCT_BUNDLE_IDENTIFIER = com.teamseowha.seowhaTests;
				PRODUCT_NAME = "$(TARGET_NAME)";
				SWIFT_VERSION = 4.2;
				TARGETED_DEVICE_FAMILY = "1,2";
				TEST_HOST = "$(BUILT_PRODUCTS_DIR)/seowha.app/seowha";
			};
			name = Release;
		};
		DD2A59B02152B50C004B6023 /* Debug */ = {
			isa = XCBuildConfiguration;
			baseConfigurationReference = 6126AD1B15423F78C0C4B482 /* Pods-seowhaUITests.debug.xcconfig */;
			buildSettings = {
				ALWAYS_EMBED_SWIFT_STANDARD_LIBRARIES = YES;
				CODE_SIGN_STYLE = Automatic;
				DEVELOPMENT_TEAM = 45BHMK6XA9;
				INFOPLIST_FILE = seowhaUITests/Info.plist;
				LD_RUNPATH_SEARCH_PATHS = (
					"$(inherited)",
					"@executable_path/Frameworks",
					"@loader_path/Frameworks",
				);
				PRODUCT_BUNDLE_IDENTIFIER = com.teamseowha.seowhaUITests;
				PRODUCT_NAME = "$(TARGET_NAME)";
				SWIFT_VERSION = 4.2;
				TARGETED_DEVICE_FAMILY = "1,2";
				TEST_TARGET_NAME = seowha;
			};
			name = Debug;
		};
		DD2A59B12152B50C004B6023 /* Release */ = {
			isa = XCBuildConfiguration;
			baseConfigurationReference = DC6FBE43F2D351680DA39AF6 /* Pods-seowhaUITests.release.xcconfig */;
			buildSettings = {
				ALWAYS_EMBED_SWIFT_STANDARD_LIBRARIES = YES;
				CODE_SIGN_STYLE = Automatic;
				DEVELOPMENT_TEAM = 45BHMK6XA9;
				INFOPLIST_FILE = seowhaUITests/Info.plist;
				LD_RUNPATH_SEARCH_PATHS = (
					"$(inherited)",
					"@executable_path/Frameworks",
					"@loader_path/Frameworks",
				);
				PRODUCT_BUNDLE_IDENTIFIER = com.teamseowha.seowhaUITests;
				PRODUCT_NAME = "$(TARGET_NAME)";
				SWIFT_VERSION = 4.2;
				TARGETED_DEVICE_FAMILY = "1,2";
				TEST_TARGET_NAME = seowha;
			};
			name = Release;
		};
/* End XCBuildConfiguration section */

/* Begin XCConfigurationList section */
		DD2A597A2152B50B004B6023 /* Build configuration list for PBXProject "seowha" */ = {
			isa = XCConfigurationList;
			buildConfigurations = (
				DD2A59A72152B50C004B6023 /* Debug */,
				DD2A59A82152B50C004B6023 /* Release */,
			);
			defaultConfigurationIsVisible = 0;
			defaultConfigurationName = Release;
		};
		DD2A59A92152B50C004B6023 /* Build configuration list for PBXNativeTarget "seowha" */ = {
			isa = XCConfigurationList;
			buildConfigurations = (
				DD2A59AA2152B50C004B6023 /* Debug */,
				DD2A59AB2152B50C004B6023 /* Release */,
			);
			defaultConfigurationIsVisible = 0;
			defaultConfigurationName = Release;
		};
		DD2A59AC2152B50C004B6023 /* Build configuration list for PBXNativeTarget "seowhaTests" */ = {
			isa = XCConfigurationList;
			buildConfigurations = (
				DD2A59AD2152B50C004B6023 /* Debug */,
				DD2A59AE2152B50C004B6023 /* Release */,
			);
			defaultConfigurationIsVisible = 0;
			defaultConfigurationName = Release;
		};
		DD2A59AF2152B50C004B6023 /* Build configuration list for PBXNativeTarget "seowhaUITests" */ = {
			isa = XCConfigurationList;
			buildConfigurations = (
				DD2A59B02152B50C004B6023 /* Debug */,
				DD2A59B12152B50C004B6023 /* Release */,
			);
			defaultConfigurationIsVisible = 0;
			defaultConfigurationName = Release;
		};
/* End XCConfigurationList section */
	};
	rootObject = DD2A59772152B50B004B6023 /* Project object */;
}
